
Microsoft Visual Studio Solution File, Format Version 12.00
# Visual Studio Version 17
VisualStudioVersion = 17.2.32505.173
MinimumVisualStudioVersion = 10.0.40219.1
Project("{FAE04EC0-301F-11D3-BF4B-00C04F79EFBC}") = "WPF_SB_PR2_UP", "WPF_SB_PR2_UP.csproj", "{34B84C6C-F23C-48D6-83E2-9AABC2161A89}"
EndProject
Global
	GlobalSection(SolutionConfigurationPlatforms) = preSolution
		Debug|Any CPU = Debug|Any CPU
		Release|Any CPU = Release|Any CPU
	EndGlobalSection
	GlobalSection(ProjectConfigurationPlatforms) = postSolution
		{34B84C6C-F23C-48D6-83E2-9AABC2161A89}.Debug|Any CPU.ActiveCfg = Debug|Any CPU
		{34B84C6C-F23C-48D6-83E2-9AABC2161A89}.Debug|Any CPU.Build.0 = Debug|Any CPU
		{34B84C6C-F23C-48D6-83E2-9AABC2161A89}.Release|Any CPU.ActiveCfg = Release|Any CPU
		{34B84C6C-F23C-48D6-83E2-9AABC2161A89}.Release|Any CPU.Build.0 = Release|Any CPU
	EndGlobalSection
	GlobalSection(SolutionProperties) = preSolution
		HideSolutionNode = FALSE
	EndGlobalSection
	GlobalSection(ExtensibilityGlobals) = postSolution
		SolutionGuid = {6BF65B8A-ED8F-42D6-A288-FD562D43183E}
	EndGlobalSection
EndGlobal
